
Microsoft Visual Studio Solution File, Format Version 12.00
# Visual Studio Version 17
VisualStudioVersion = 17.10.34916.146
MinimumVisualStudioVersion = 10.0.40219.1
Project("{FAE04EC0-301F-11D3-BF4B-00C04F79EFBC}") = "WebApplication8", "WebApplication8\WebApplication8.csproj", "{AD51E6F8-2FA8-4ACC-8EBF-774CE701B102}"
EndProject
Project("{FAE04EC0-301F-11D3-BF4B-00C04F79EFBC}") = "TestProject1", "TestProject1\TestProject1.csproj", "{D0985020-4596-44A6-AB03-8EEE3BF61428}"
EndProject
Global
	GlobalSection(SolutionConfigurationPlatforms) = preSolution
		Debug|Any CPU = Debug|Any CPU
		Release|Any CPU = Release|Any CPU
	EndGlobalSection
	GlobalSection(ProjectConfigurationPlatforms) = postSolution
		{AD51E6F8-2FA8-4ACC-8EBF-774CE701B102}.Debug|Any CPU.ActiveCfg = Debug|Any CPU
		{AD51E6F8-2FA8-4ACC-8EBF-774CE701B102}.Debug|Any CPU.Build.0 = Debug|Any CPU
		{AD51E6F8-2FA8-4ACC-8EBF-774CE701B102}.Release|Any CPU.ActiveCfg = Release|Any CPU
		{AD51E6F8-2FA8-4ACC-8EBF-774CE701B102}.Release|Any CPU.Build.0 = Release|Any CPU
		{D0985020-4596-44A6-AB03-8EEE3BF61428}.Debug|Any CPU.ActiveCfg = Debug|Any CPU
		{D0985020-4596-44A6-AB03-8EEE3BF61428}.Debug|Any CPU.Build.0 = Debug|Any CPU
		{D0985020-4596-44A6-AB03-8EEE3BF61428}.Release|Any CPU.ActiveCfg = Release|Any CPU
		{D0985020-4596-44A6-AB03-8EEE3BF61428}.Release|Any CPU.Build.0 = Release|Any CPU
	EndGlobalSection
	GlobalSection(SolutionProperties) = preSolution
		HideSolutionNode = FALSE
	EndGlobalSection
	GlobalSection(ExtensibilityGlobals) = postSolution
		SolutionGuid = {D5C9A8E0-E7D0-43BB-A6AF-0344F805AADE}
	EndGlobalSection
EndGlobal
